
Microsoft Visual Studio Solution File, Format Version 12.00
# Visual Studio Version 17
VisualStudioVersion = 17.3.32929.385
MinimumVisualStudioVersion = 10.0.40219.1
Project("{9A19103F-16F7-4668-BE54-9A1E7A4F7556}") = "Day1", "Day1\Day1.csproj", "{465F3E55-E04E-4C0E-8AEF-87D0E370595B}"
EndProject
Project("{9A19103F-16F7-4668-BE54-9A1E7A4F7556}") = "Day2", "Day2\Day2.csproj", "{B1510416-D8E6-431B-ABAC-5D9115D4CFDA}"
EndProject
Project("{FAE04EC0-301F-11D3-BF4B-00C04F79EFBC}") = "Day3", "Day3\Day3.csproj", "{A73FE60E-CD38-4637-A9AA-8D6C1F0D6EF3}"
EndProject
Global
	GlobalSection(SolutionConfigurationPlatforms) = preSolution
		Debug|Any CPU = Debug|Any CPU
		Release|Any CPU = Release|Any CPU
	EndGlobalSection
	GlobalSection(ProjectConfigurationPlatforms) = postSolution
		{465F3E55-E04E-4C0E-8AEF-87D0E370595B}.Debug|Any CPU.ActiveCfg = Debug|Any CPU
		{465F3E55-E04E-4C0E-8AEF-87D0E370595B}.Debug|Any CPU.Build.0 = Debug|Any CPU
		{465F3E55-E04E-4C0E-8AEF-87D0E370595B}.Release|Any CPU.ActiveCfg = Release|Any CPU
		{465F3E55-E04E-4C0E-8AEF-87D0E370595B}.Release|Any CPU.Build.0 = Release|Any CPU
		{B1510416-D8E6-431B-ABAC-5D9115D4CFDA}.Debug|Any CPU.ActiveCfg = Debug|Any CPU
		{B1510416-D8E6-431B-ABAC-5D9115D4CFDA}.Debug|Any CPU.Build.0 = Debug|Any CPU
		{B1510416-D8E6-431B-ABAC-5D9115D4CFDA}.Release|Any CPU.ActiveCfg = Release|Any CPU
		{B1510416-D8E6-431B-ABAC-5D9115D4CFDA}.Release|Any CPU.Build.0 = Release|Any CPU
		{A73FE60E-CD38-4637-A9AA-8D6C1F0D6EF3}.Debug|Any CPU.ActiveCfg = Debug|Any CPU
		{A73FE60E-CD38-4637-A9AA-8D6C1F0D6EF3}.Debug|Any CPU.Build.0 = Debug|Any CPU
		{A73FE60E-CD38-4637-A9AA-8D6C1F0D6EF3}.Release|Any CPU.ActiveCfg = Release|Any CPU
		{A73FE60E-CD38-4637-A9AA-8D6C1F0D6EF3}.Release|Any CPU.Build.0 = Release|Any CPU
	EndGlobalSection
	GlobalSection(SolutionProperties) = preSolution
		HideSolutionNode = FALSE
	EndGlobalSection
	GlobalSection(ExtensibilityGlobals) = postSolution
		SolutionGuid = {90D1AE5B-3FFC-4B0D-AA89-DBE1018F0D37}
	EndGlobalSection
EndGlobal
